
Microsoft Visual Studio Solution File, Format Version 12.00
# Visual Studio Version 16
VisualStudioVersion = 16.0.30330.147
MinimumVisualStudioVersion = 10.0.40219.1
Project("{FAE04EC0-301F-11D3-BF4B-00C04F79EFBC}") = "ZadanieAbstrakt", "ZadanieAbstrakt\ZadanieAbstrakt.csproj", "{89F9AAD6-9103-4F0F-8752-221B32668DCA}"
EndProject
Global
	GlobalSection(SolutionConfigurationPlatforms) = preSolution
		Debug|Any CPU = Debug|Any CPU
		Release|Any CPU = Release|Any CPU
	EndGlobalSection
	GlobalSection(ProjectConfigurationPlatforms) = postSolution
		{89F9AAD6-9103-4F0F-8752-221B32668DCA}.Debug|Any CPU.ActiveCfg = Debug|Any CPU
		{89F9AAD6-9103-4F0F-8752-221B32668DCA}.Debug|Any CPU.Build.0 = Debug|Any CPU
		{89F9AAD6-9103-4F0F-8752-221B32668DCA}.Release|Any CPU.ActiveCfg = Release|Any CPU
		{89F9AAD6-9103-4F0F-8752-221B32668DCA}.Release|Any CPU.Build.0 = Release|Any CPU
	EndGlobalSection
	GlobalSection(SolutionProperties) = preSolution
		HideSolutionNode = FALSE
	EndGlobalSection
	GlobalSection(ExtensibilityGlobals) = postSolution
		SolutionGuid = {8AEC62BD-382C-471A-BD93-D74B36C853D8}
	EndGlobalSection
EndGlobal
